
Microsoft Visual Studio Solution File, Format Version 12.00
# Visual Studio 15
VisualStudioVersion = 15.0.28307.136
MinimumVisualStudioVersion = 10.0.40219.1
Project("{FAE04EC0-301F-11D3-BF4B-00C04F79EFBC}") = "MovPicObjList", "MovPicObjList\MovPicObjList.csproj", "{D904700E-FEAE-43ED-8BAF-92841685736B}"
EndProject
Global
	GlobalSection(SolutionConfigurationPlatforms) = preSolution
		Debug|Any CPU = Debug|Any CPU
		Release|Any CPU = Release|Any CPU
	EndGlobalSection
	GlobalSection(ProjectConfigurationPlatforms) = postSolution
		{D904700E-FEAE-43ED-8BAF-92841685736B}.Debug|Any CPU.ActiveCfg = Debug|Any CPU
		{D904700E-FEAE-43ED-8BAF-92841685736B}.Debug|Any CPU.Build.0 = Debug|Any CPU
		{D904700E-FEAE-43ED-8BAF-92841685736B}.Release|Any CPU.ActiveCfg = Release|Any CPU
		{D904700E-FEAE-43ED-8BAF-92841685736B}.Release|Any CPU.Build.0 = Release|Any CPU
	EndGlobalSection
	GlobalSection(SolutionProperties) = preSolution
		HideSolutionNode = FALSE
	EndGlobalSection
	GlobalSection(ExtensibilityGlobals) = postSolution
		SolutionGuid = {45F86941-A844-443B-9C63-E0F9FEDDBD98}
	EndGlobalSection
EndGlobal
